// !$*UTF8*$!
{
	archiveVersion = 1;
	classes = {
	};
	objectVersion = 46;
	objects = {

/* Begin PBXBuildFile section */
		6A0073E01CB3D44B0042A18F /* AppDelegate.swift in Sources */ = {isa = PBXBuildFile; fileRef = 6A0073DF1CB3D44B0042A18F /* AppDelegate.swift */; };
		6A0073E21CB3D44B0042A18F /* ViewController.swift in Sources */ = {isa = PBXBuildFile; fileRef = 6A0073E11CB3D44B0042A18F /* ViewController.swift */; };
		6A0073E51CB3D44B0042A18F /* Main.storyboard in Resources */ = {isa = PBXBuildFile; fileRef = 6A0073E31CB3D44B0042A18F /* Main.storyboard */; };
		6A0073E71CB3D44B0042A18F /* Assets.xcassets in Resources */ = {isa = PBXBuildFile; fileRef = 6A0073E61CB3D44B0042A18F /* Assets.xcassets */; };
		6A0073EA1CB3D44B0042A18F /* LaunchScreen.storyboard in Resources */ = {isa = PBXBuildFile; fileRef = 6A0073E81CB3D44B0042A18F /* LaunchScreen.storyboard */; };
		6A0073F51CB3D44B0042A18F /* bmi_calculatorTests.swift in Sources */ = {isa = PBXBuildFile; fileRef = 6A0073F41CB3D44B0042A18F /* bmi_calculatorTests.swift */; };
		6A0074001CB3D44B0042A18F /* bmi_calculatorUITests.swift in Sources */ = {isa = PBXBuildFile; fileRef = 6A0073FF1CB3D44B0042A18F /* bmi_calculatorUITests.swift */; };
		6A00740E1CB3EC000042A18F /* BMICalculator.swift in Sources */ = {isa = PBXBuildFile; fileRef = 6A00740D1CB3EC000042A18F /* BMICalculator.swift */; };
/* End PBXBuildFile section */

/* Begin PBXContainerItemProxy section */
		6A0073F11CB3D44B0042A18F /* PBXContainerItemProxy */ = {
			isa = PBXContainerItemProxy;
			containerPortal = 6A0073D41CB3D44B0042A18F /* Project object */;
			proxyType = 1;
			remoteGlobalIDString = 6A0073DB1CB3D44B0042A18F;
			remoteInfo = "bmi-calculator";
		};
		6A0073FC1CB3D44B0042A18F /* PBXContainerItemProxy */ = {
			isa = PBXContainerItemProxy;
			containerPortal = 6A0073D41CB3D44B0042A18F /* Project object */;
			proxyType = 1;
			remoteGlobalIDString = 6A0073DB1CB3D44B0042A18F;
			remoteInfo = "bmi-calculator";
		};
/* End PBXContainerItemProxy section */

/* Begin PBXFileReference section */
		6A0073DC1CB3D44B0042A18F /* bmi-calculator.app */ = {isa = PBXFileReference; explicitFileType = wrapper.application; includeInIndex = 0; path = "bmi-calculator.app"; sourceTree = BUILT_PRODUCTS_DIR; };
		6A0073DF1CB3D44B0042A18F /* AppDelegate.swift */ = {isa = PBXFileReference; lastKnownFileType = sourcecode.swift; path = AppDelegate.swift; sourceTree = "<group>"; };
		6A0073E11CB3D44B0042A18F /* ViewController.swift */ = {isa = PBXFileReference; lastKnownFileType = sourcecode.swift; path = ViewController.swift; sourceTree = "<group>"; };
		6A0073E41CB3D44B0042A18F /* Base */ = {isa = PBXFileReference; lastKnownFileType = file.storyboard; name = Base; path = Base.lproj/Main.storyboard; sourceTree = "<group>"; };
		6A0073E61CB3D44B0042A18F /* Assets.xcassets */ = {isa = PBXFileReference; lastKnownFileType = folder.assetcatalog; path = Assets.xcassets; sourceTree = "<group>"; };
		6A0073E91CB3D44B0042A18F /* Base */ = {isa = PBXFileReference; lastKnownFileType = file.storyboard; name = Base; path = Base.lproj/LaunchScreen.storyboard; sourceTree = "<group>"; };
		6A0073EB1CB3D44B0042A18F /* Info.plist */ = {isa = PBXFileReference; lastKnownFileType = text.plist.xml; path = Info.plist; sourceTree = "<group>"; };
		6A0073F01CB3D44B0042A18F /* bmi-calculatorTests.xctest */ = {isa = PBXFileReference; explicitFileType = wrapper.cfbundle; includeInIndex = 0; path = "bmi-calculatorTests.xctest"; sourceTree = BUILT_PRODUCTS_DIR; };
		6A0073F41CB3D44B0042A18F /* bmi_calculatorTests.swift */ = {isa = PBXFileReference; lastKnownFileType = sourcecode.swift; path = bmi_calculatorTests.swift; sourceTree = "<group>"; };
		6A0073F61CB3D44B0042A18F /* Info.plist */ = {isa = PBXFileReference; lastKnownFileType = text.plist.xml; path = Info.plist; sourceTree = "<group>"; };
		6A0073FB1CB3D44B0042A18F /* bmi-calculatorUITests.xctest */ = {isa = PBXFileReference; explicitFileType = wrapper.cfbundle; includeInIndex = 0; path = "bmi-calculatorUITests.xctest"; sourceTree = BUILT_PRODUCTS_DIR; };
		6A0073FF1CB3D44B0042A18F /* bmi_calculatorUITests.swift */ = {isa = PBXFileReference; lastKnownFileType = sourcecode.swift; path = bmi_calculatorUITests.swift; sourceTree = "<group>"; };
		6A0074011CB3D44B0042A18F /* Info.plist */ = {isa = PBXFileReference; lastKnownFileType = text.plist.xml; path = Info.plist; sourceTree = "<group>"; };
		6A00740D1CB3EC000042A18F /* BMICalculator.swift */ = {isa = PBXFileReference; fileEncoding = 4; lastKnownFileType = sourcecode.swift; path = BMICalculator.swift; sourceTree = "<group>"; };
/* End PBXFileReference section */

/* Begin PBXFrameworksBuildPhase section */
		6A0073D91CB3D44B0042A18F /* Frameworks */ = {
			isa = PBXFrameworksBuildPhase;
			buildActionMask = 2147483647;
			files = (
			);
			runOnlyForDeploymentPostprocessing = 0;
		};
		6A0073ED1CB3D44B0042A18F /* Frameworks */ = {
			isa = PBXFrameworksBuildPhase;
			buildActionMask = 2147483647;
			files = (
			);
			runOnlyForDeploymentPostprocessing = 0;
		};
		6A0073F81CB3D44B0042A18F /* Frameworks */ = {
			isa = PBXFrameworksBuildPhase;
			buildActionMask = 2147483647;
			files = (
			);
			runOnlyForDeploymentPostprocessing = 0;
		};
/* End PBXFrameworksBuildPhase section */

/* Begin PBXGroup section */
		6A0073D31CB3D44B0042A18F = {
			isa = PBXGroup;
			children = (
				6A0073DE1CB3D44B0042A18F /* bmi-calculator */,
				6A0073F31CB3D44B0042A18F /* bmi-calculatorTests */,
				6A0073FE1CB3D44B0042A18F /* bmi-calculatorUITests */,
				6A0073DD1CB3D44B0042A18F /* Products */,
			);
			sourceTree = "<group>";
		};
		6A0073DD1CB3D44B0042A18F /* Products */ = {
			isa = PBXGroup;
			children = (
				6A0073DC1CB3D44B0042A18F /* bmi-calculator.app */,
				6A0073F01CB3D44B0042A18F /* bmi-calculatorTests.xctest */,
				6A0073FB1CB3D44B0042A18F /* bmi-calculatorUITests.xctest */,
			);
			name = Products;
			sourceTree = "<group>";
		};
		6A0073DE1CB3D44B0042A18F /* bmi-calculator */ = {
			isa = PBXGroup;
			children = (
				6A0073DF1CB3D44B0042A18F /* AppDelegate.swift */,
				6A0073E11CB3D44B0042A18F /* ViewController.swift */,
				6A0073E31CB3D44B0042A18F /* Main.storyboard */,
				6A0073E61CB3D44B0042A18F /* Assets.xcassets */,
				6A0073E81CB3D44B0042A18F /* LaunchScreen.storyboard */,
				6A0073EB1CB3D44B0042A18F /* Info.plist */,
				6A00740D1CB3EC000042A18F /* BMICalculator.swift */,
			);
			path = "bmi-calculator";
			sourceTree = "<group>";
		};
		6A0073F31CB3D44B0042A18F /* bmi-calculatorTests */ = {
			isa = PBXGroup;
			children = (
				6A0073F41CB3D44B0042A18F /* bmi_calculatorTests.swift */,
				6A0073F61CB3D44B0042A18F /* Info.plist */,
			);
			path = "bmi-calculatorTests";
			sourceTree = "<group>";
		};
		6A0073FE1CB3D44B0042A18F /* bmi-calculatorUITests */ = {
			isa = PBXGroup;
			children = (
				6A0073FF1CB3D44B0042A18F /* bmi_calculatorUITests.swift */,
				6A0074011CB3D44B0042A18F /* Info.plist */,
			);
			path = "bmi-calculatorUITests";
			sourceTree = "<group>";
		};
/* End PBXGroup section */

/* Begin PBXNativeTarget section */
		6A0073DB1CB3D44B0042A18F /* bmi-calculator */ = {
			isa = PBXNativeTarget;
			buildConfigurationList = 6A0074041CB3D44B0042A18F /* Build configuration list for PBXNativeTarget "bmi-calculator" */;
			buildPhases = (
				6A0073D81CB3D44B0042A18F /* Sources */,
				6A0073D91CB3D44B0042A18F /* Frameworks */,
				6A0073DA1CB3D44B0042A18F /* Resources */,
			);
			buildRules = (
			);
			dependencies = (
			);
			name = "bmi-calculator";
			productName = "bmi-calculator";
			productReference = 6A0073DC1CB3D44B0042A18F /* bmi-calculator.app */;
			productType = "com.apple.product-type.application";
		};
		6A0073EF1CB3D44B0042A18F /* bmi-calculatorTests */ = {
			isa = PBXNativeTarget;
			buildConfigurationList = 6A0074071CB3D44B0042A18F /* Build configuration list for PBXNativeTarget "bmi-calculatorTests" */;
			buildPhases = (
				6A0073EC1CB3D44B0042A18F /* Sources */,
				6A0073ED1CB3D44B0042A18F /* Frameworks */,
				6A0073EE1CB3D44B0042A18F /* Resources */,
			);
			buildRules = (
			);
			dependencies = (
				6A0073F21CB3D44B0042A18F /* PBXTargetDependency */,
			);
			name = "bmi-calculatorTests";
			productName = "bmi-calculatorTests";
			productReference = 6A0073F01CB3D44B0042A18F /* bmi-calculatorTests.xctest */;
			productType = "com.apple.product-type.bundle.unit-test";
		};
		6A0073FA1CB3D44B0042A18F /* bmi-calculatorUITests */ = {
			isa = PBXNativeTarget;
			buildConfigurationList = 6A00740A1CB3D44B0042A18F /* Build configuration list for PBXNativeTarget "bmi-calculatorUITests" */;
			buildPhases = (
				6A0073F71CB3D44B0042A18F /* Sources */,
				6A0073F81CB3D44B0042A18F /* Frameworks */,
				6A0073F91CB3D44B0042A18F /* Resources */,
			);
			buildRules = (
			);
			dependencies = (
				6A0073FD1CB3D44B0042A18F /* PBXTargetDependency */,
			);
			name = "bmi-calculatorUITests";
			productName = "bmi-calculatorUITests";
			productReference = 6A0073FB1CB3D44B0042A18F /* bmi-calculatorUITests.xctest */;
			productType = "com.apple.product-type.bundle.ui-testing";
		};
/* End PBXNativeTarget section */

/* Begin PBXProject section */
		6A0073D41CB3D44B0042A18F /* Project object */ = {
			isa = PBXProject;
			attributes = {
				LastSwiftUpdateCheck = 0730;
				LastUpgradeCheck = 0730;
				ORGANIZATIONNAME = iosdev;
				TargetAttributes = {
					6A0073DB1CB3D44B0042A18F = {
						CreatedOnToolsVersion = 7.3;
						DevelopmentTeam = 5UAANGYA6Z;
					};
					6A0073EF1CB3D44B0042A18F = {
						CreatedOnToolsVersion = 7.3;
						DevelopmentTeam = 5UAANGYA6Z;
						TestTargetID = 6A0073DB1CB3D44B0042A18F;
					};
					6A0073FA1CB3D44B0042A18F = {
						CreatedOnToolsVersion = 7.3;
						DevelopmentTeam = 5UAANGYA6Z;
						TestTargetID = 6A0073DB1CB3D44B0042A18F;
					};
				};
			};
			buildConfigurationList = 6A0073D71CB3D44B0042A18F /* Build configuration list for PBXProject "bmi-calculator" */;
			compatibilityVersion = "Xcode 3.2";
			developmentRegion = English;
			hasScannedForEncodings = 0;
			knownRegions = (
				en,
				Base,
			);
			mainGroup = 6A0073D31CB3D44B0042A18F;
			productRefGroup = 6A0073DD1CB3D44B0042A18F /* Products */;
			projectDirPath = "";
			projectRoot = "";
			targets = (
				6A0073DB1CB3D44B0042A18F /* bmi-calculator */,
				6A0073EF1CB3D44B0042A18F /* bmi-calculatorTests */,
				6A0073FA1CB3D44B0042A18F /* bmi-calculatorUITests */,
			);
		};
/* End PBXProject section */

/* Begin PBXResourcesBuildPhase section */
		6A0073DA1CB3D44B0042A18F /* Resources */ = {
			isa = PBXResourcesBuildPhase;
			buildActionMask = 2147483647;
			files = (
				6A0073EA1CB3D44B0042A18F /* LaunchScreen.storyboard in Resources */,
				6A0073E71CB3D44B0042A18F /* Assets.xcassets in Resources */,
				6A0073E51CB3D44B0042A18F /* Main.storyboard in Resources */,
			);
			runOnlyForDeploymentPostprocessing = 0;
		};
		6A0073EE1CB3D44B0042A18F /* Resources */ = {
			isa = PBXResourcesBuildPhase;
			buildActionMask = 2147483647;
			files = (
			);
			runOnlyForDeploymentPostprocessing = 0;
		};
		6A0073F91CB3D44B0042A18F /* Resources */ = {
			isa = PBXResourcesBuildPhase;
			buildActionMask = 2147483647;
			files = (
			);
			runOnlyForDeploymentPostprocessing = 0;
		};
/* End PBXResourcesBuildPhase section */

/* Begin PBXSourcesBuildPhase section */
		6A0073D81CB3D44B0042A18F /* Sources */ = {
			isa = PBXSourcesBuildPhase;
			buildActionMask = 2147483647;
			files = (
				6A0073E21CB3D44B0042A18F /* ViewController.swift in Sources */,
				6A00740E1CB3EC000042A18F /* BMICalculator.swift in Sources */,
				6A0073E01CB3D44B0042A18F /* AppDelegate.swift in Sources */,
			);
			runOnlyForDeploymentPostprocessing = 0;
		};
		6A0073EC1CB3D44B0042A18F /* Sources */ = {
			isa = PBXSourcesBuildPhase;
			buildActionMask = 2147483647;
			files = (
				6A0073F51CB3D44B0042A18F /* bmi_calculatorTests.swift in Sources */,
			);
			runOnlyForDeploymentPostprocessing = 0;
		};
		6A0073F71CB3D44B0042A18F /* Sources */ = {
			isa = PBXSourcesBuildPhase;
			buildActionMask = 2147483647;
			files = (
				6A0074001CB3D44B0042A18F /* bmi_calculatorUITests.swift in Sources */,
			);
			runOnlyForDeploymentPostprocessing = 0;
		};
/* End PBXSourcesBuildPhase section */

/* Begin PBXTargetDependency section */
		6A0073F21CB3D44B0042A18F /* PBXTargetDependency */ = {
			isa = PBXTargetDependency;
			target = 6A0073DB1CB3D44B0042A18F /* bmi-calculator */;
			targetProxy = 6A0073F11CB3D44B0042A18F /* PBXContainerItemProxy */;
		};
		6A0073FD1CB3D44B0042A18F /* PBXTargetDependency */ = {
			isa = PBXTargetDependency;
			target = 6A0073DB1CB3D44B0042A18F /* bmi-calculator */;
			targetProxy = 6A0073FC1CB3D44B0042A18F /* PBXContainerItemProxy */;
		};
/* End PBXTargetDependency section */

/* Begin PBXVariantGroup section */
		6A0073E31CB3D44B0042A18F /* Main.storyboard */ = {
			isa = PBXVariantGroup;
			children = (
				6A0073E41CB3D44B0042A18F /* Base */,
			);
			name = Main.storyboard;
			sourceTree = "<group>";
		};
		6A0073E81CB3D44B0042A18F /* LaunchScreen.storyboard */ = {
			isa = PBXVariantGroup;
			children = (
				6A0073E91CB3D44B0042A18F /* Base */,
			);
			name = LaunchScreen.storyboard;
			sourceTree = "<group>";
		};
/* End PBXVariantGroup section */

/* Begin XCBuildConfiguration section */
		6A0074021CB3D44B0042A18F /* Debug */ = {
			isa = XCBuildConfiguration;
			buildSettings = {
				ALWAYS_SEARCH_USER_PATHS = NO;
				CLANG_ANALYZER_NONNULL = YES;
				CLANG_CXX_LANGUAGE_STANDARD = "gnu++0x";
				CLANG_CXX_LIBRARY = "libc++";
				CLANG_ENABLE_MODULES = YES;
				CLANG_ENABLE_OBJC_ARC = YES;
				CLANG_WARN_BOOL_CONVERSION = YES;
				CLANG_WARN_CONSTANT_CONVERSION = YES;
				CLANG_WARN_DIRECT_OBJC_ISA_USAGE = YES_ERROR;
				CLANG_WARN_EMPTY_BODY = YES;
				CLANG_WARN_ENUM_CONVERSION = YES;
				CLANG_WARN_INT_CONVERSION = YES;
				CLANG_WARN_OBJC_ROOT_CLASS = YES_ERROR;
				CLANG_WARN_UNREACHABLE_CODE = YES;
				CLANG_WARN__DUPLICATE_METHOD_MATCH = YES;
				"CODE_SIGN_IDENTITY[sdk=iphoneos*]" = "iPhone Developer";
				COPY_PHASE_STRIP = NO;
				DEBUG_INFORMATION_FORMAT = dwarf;
				ENABLE_STRICT_OBJC_MSGSEND = YES;
				ENABLE_TESTABILITY = YES;
				GCC_C_LANGUAGE_STANDARD = gnu99;
				GCC_DYNAMIC_NO_PIC = NO;
				GCC_NO_COMMON_BLOCKS = YES;
				GCC_OPTIMIZATION_LEVEL = 0;
				GCC_PREPROCESSOR_DEFINITIONS = (
					"DEBUG=1",
					"$(inherited)",
				);
				GCC_WARN_64_TO_32_BIT_CONVERSION = YES;
				GCC_WARN_ABOUT_RETURN_TYPE = YES_ERROR;
				GCC_WARN_UNDECLARED_SELECTOR = YES;
				GCC_WARN_UNINITIALIZED_AUTOS = YES_AGGRESSIVE;
				GCC_WARN_UNUSED_FUNCTION = YES;
				GCC_WARN_UNUSED_VARIABLE = YES;
				IPHONEOS_DEPLOYMENT_TARGET = 9.3;
				MTL_ENABLE_DEBUG_INFO = YES;
				ONLY_ACTIVE_ARCH = YES;
				SDKROOT = iphoneos;
				SWIFT_OPTIMIZATION_LEVEL = "-Onone";
				TARGETED_DEVICE_FAMILY = "1,2";
			};
			name = Debug;
		};
		6A0074031CB3D44B0042A18F /* Release */ = {
			isa = XCBuildConfiguration;
			buildSettings = {
				ALWAYS_SEARCH_USER_PATHS = NO;
				CLANG_ANALYZER_NONNULL = YES;
				CLANG_CXX_LANGUAGE_STANDARD = "gnu++0x";
				CLANG_CXX_LIBRARY = "libc++";
				CLANG_ENABLE_MODULES = YES;
				CLANG_ENABLE_OBJC_ARC = YES;
				CLANG_WARN_BOOL_CONVERSION = YES;
				CLANG_WARN_CONSTANT_CONVERSION = YES;
				CLANG_WARN_DIRECT_OBJC_ISA_USAGE = YES_ERROR;
				CLANG_WARN_EMPTY_BODY = YES;
				CLANG_WARN_ENUM_CONVERSION = YES;
				CLANG_WARN_INT_CONVERSION = YES;
				CLANG_WARN_OBJC_ROOT_CLASS = YES_ERROR;
				CLANG_WARN_UNREACHABLE_CODE = YES;
				CLANG_WARN__DUPLICATE_METHOD_MATCH = YES;
				"CODE_SIGN_IDENTITY[sdk=iphoneos*]" = "iPhone Developer";
				COPY_PHASE_STRIP = NO;
				DEBUG_INFORMATION_FORMAT = "dwarf-with-dsym";
				ENABLE_NS_ASSERTIONS = NO;
				ENABLE_STRICT_OBJC_MSGSEND = YES;
				GCC_C_LANGUAGE_STANDARD = gnu99;
				GCC_NO_COMMON_BLOCKS = YES;
				GCC_WARN_64_TO_32_BIT_CONVERSION = YES;
				GCC_WARN_ABOUT_RETURN_TYPE = YES_ERROR;
				GCC_WARN_UNDECLARED_SELECTOR = YES;
				GCC_WARN_UNINITIALIZED_AUTOS = YES_AGGRESSIVE;
				GCC_WARN_UNUSED_FUNCTION = YES;
				GCC_WARN_UNUSED_VARIABLE = YES;
				IPHONEOS_DEPLOYMENT_TARGET = 9.3;
				MTL_ENABLE_DEBUG_INFO = NO;
				SDKROOT = iphoneos;
				TARGETED_DEVICE_FAMILY = "1,2";
				VALIDATE_PRODUCT = YES;
			};
			name = Release;
		};
		6A0074051CB3D44B0042A18F /* Debug */ = {
			isa = XCBuildConfiguration;
			buildSettings = {
				ASSETCATALOG_COMPILER_APPICON_NAME = AppIcon;
				INFOPLIST_FILE = "bmi-calculator/Info.plist";
				LD_RUNPATH_SEARCH_PATHS = "$(inherited) @executable_path/Frameworks";
				PRODUCT_BUNDLE_IDENTIFIER = "bloc.io.bmi-calculator";
				PRODUCT_NAME = "$(TARGET_NAME)";
			};
			name = Debug;
		};
		6A0074061CB3D44B0042A18F /* Release */ = {
			isa = XCBuildConfiguration;
			buildSettings = {
				ASSETCATALOG_COMPILER_APPICON_NAME = AppIcon;
				INFOPLIST_FILE = "bmi-calculator/Info.plist";
				LD_RUNPATH_SEARCH_PATHS = "$(inherited) @executable_path/Frameworks";
				PRODUCT_BUNDLE_IDENTIFIER = "bloc.io.bmi-calculator";
				PRODUCT_NAME = "$(TARGET_NAME)";
			};
			name = Release;
		};
		6A0074081CB3D44B0042A18F /* Debug */ = {
			isa = XCBuildConfiguration;
			buildSettings = {
				BUNDLE_LOADER = "$(TEST_HOST)";
				INFOPLIST_FILE = "bmi-calculatorTests/Info.plist";
				LD_RUNPATH_SEARCH_PATHS = "$(inherited) @executable_path/Frameworks @loader_path/Frameworks";
				PRODUCT_BUNDLE_IDENTIFIER = "bloc.io.bmi-calculatorTests";
				PRODUCT_NAME = "$(TARGET_NAME)";
				TEST_HOST = "$(BUILT_PRODUCTS_DIR)/bmi-calculator.app/bmi-calculator";
			};
			name = Debug;
		};
		6A0074091CB3D44B0042A18F /* Release */ = {
			isa = XCBuildConfiguration;
			buildSettings = {
				BUNDLE_LOADER = "$(TEST_HOST)";
				INFOPLIST_FILE = "bmi-calculatorTests/Info.plist";
				LD_RUNPATH_SEARCH_PATHS = "$(inherited) @executable_path/Frameworks @loader_path/Frameworks";
				PRODUCT_BUNDLE_IDENTIFIER = "bloc.io.bmi-calculatorTests";
				PRODUCT_NAME = "$(TARGET_NAME)";
				TEST_HOST = "$(BUILT_PRODUCTS_DIR)/bmi-calculator.app/bmi-calculator";
			};
			name = Release;
		};
		6A00740B1CB3D44B0042A18F /* Debug */ = {
			isa = XCBuildConfiguration;
			buildSettings = {
				INFOPLIST_FILE = "bmi-calculatorUITests/Info.plist";
				LD_RUNPATH_SEARCH_PATHS = "$(inherited) @executable_path/Frameworks @loader_path/Frameworks";
				PRODUCT_BUNDLE_IDENTIFIER = "bloc.io.bmi-calculatorUITests";
				PRODUCT_NAME = "$(TARGET_NAME)";
				TEST_TARGET_NAME = "bmi-calculator";
			};
			name = Debug;
		};
		6A00740C1CB3D44B0042A18F /* Release */ = {
			isa = XCBuildConfiguration;
			buildSettings = {
				INFOPLIST_FILE = "bmi-calculatorUITests/Info.plist";
				LD_RUNPATH_SEARCH_PATHS = "$(inherited) @executable_path/Frameworks @loader_path/Frameworks";
				PRODUCT_BUNDLE_IDENTIFIER = "bloc.io.bmi-calculatorUITests";
				PRODUCT_NAME = "$(TARGET_NAME)";
				TEST_TARGET_NAME = "bmi-calculator";
			};
			name = Release;
		};
/* End XCBuildConfiguration section */

/* Begin XCConfigurationList section */
		6A0073D71CB3D44B0042A18F /* Build configuration list for PBXProject "bmi-calculator" */ = {
			isa = XCConfigurationList;
			buildConfigurations = (
				6A0074021CB3D44B0042A18F /* Debug */,
				6A0074031CB3D44B0042A18F /* Release */,
			);
			defaultConfigurationIsVisible = 0;
			defaultConfigurationName = Release;
		};
		6A0074041CB3D44B0042A18F /* Build configuration list for PBXNativeTarget "bmi-calculator" */ = {
			isa = XCConfigurationList;
			buildConfigurations = (
				6A0074051CB3D44B0042A18F /* Debug */,
				6A0074061CB3D44B0042A18F /* Release */,
			);
			defaultConfigurationIsVisible = 0;
		};
		6A0074071CB3D44B0042A18F /* Build configuration list for PBXNativeTarget "bmi-calculatorTests" */ = {
			isa = XCConfigurationList;
			buildConfigurations = (
				6A0074081CB3D44B0042A18F /* Debug */,
				6A0074091CB3D44B0042A18F /* Release */,
			);
			defaultConfigurationIsVisible = 0;
		};
		6A00740A1CB3D44B0042A18F /* Build configuration list for PBXNativeTarget "bmi-calculatorUITests" */ = {
			isa = XCConfigurationList;
			buildConfigurations = (
				6A00740B1CB3D44B0042A18F /* Debug */,
				6A00740C1CB3D44B0042A18F /* Release */,
			);
			defaultConfigurationIsVisible = 0;
		};
/* End XCConfigurationList section */
	};
	rootObject = 6A0073D41CB3D44B0042A18F /* Project object */;
}
